{
  "name": "portfolio",
  "version": "1.0.0",
  "lockfileVersion": 1,
  "requires": true,
  "dependencies": {
    "server-js": {
      "version": "0.1.4",
      "resolved": "https://registry.npmjs.org/server-js/-/server-js-0.1.4.tgz",
      "integrity": "sha1-Hdmn80zDDqYWVhmv5/H7u1cFBK4="
    }
  }
}
